
Microsoft Visual Studio Solution File, Format Version 12.00
# Visual Studio 15
VisualStudioVersion = 15.0.27130.2027
MinimumVisualStudioVersion = 10.0.40219.1
Project("{FAE04EC0-301F-11D3-BF4B-00C04F79EFBC}") = "MovieNetWpf", "MovieNetWpf\MovieNetWpf.csproj", "{43A7A423-7CAA-4004-8142-EAABAB277915}"
EndProject
Project("{FAE04EC0-301F-11D3-BF4B-00C04F79EFBC}") = "TwoViews", "TwoViews\TwoViews.csproj", "{CA7500ED-96DA-490B-BFF4-DAFF1207F752}"
EndProject
Project("{FAE04EC0-301F-11D3-BF4B-00C04F79EFBC}") = "SimpleMVVMExample", "SimpleMVVMExample\SimpleMVVMExample\SimpleMVVMExample.csproj", "{0D6370B0-B6A8-4C62-B726-8F8AE51B0880}"
EndProject
Project("{FAE04EC0-301F-11D3-BF4B-00C04F79EFBC}") = "Movie.Net", "Movie.Net\Movie.Net.csproj", "{861FBEB5-BADD-496E-817E-C465FED00B33}"
EndProject
Project("{FAE04EC0-301F-11D3-BF4B-00C04F79EFBC}") = "MvvmLight1", "MvvmLight1\MvvmLight1.csproj", "{E098067C-9498-401D-8F58-7E6943B087A6}"
EndProject
Global
	GlobalSection(SolutionConfigurationPlatforms) = preSolution
		Debug|Any CPU = Debug|Any CPU
		Debug|ARM = Debug|ARM
		Debug|x64 = Debug|x64
		Debug|x86 = Debug|x86
		Release|Any CPU = Release|Any CPU
		Release|ARM = Release|ARM
		Release|x64 = Release|x64
		Release|x86 = Release|x86
	EndGlobalSection
	GlobalSection(ProjectConfigurationPlatforms) = postSolution
		{43A7A423-7CAA-4004-8142-EAABAB277915}.Debug|Any CPU.ActiveCfg = Debug|Any CPU
		{43A7A423-7CAA-4004-8142-EAABAB277915}.Debug|Any CPU.Build.0 = Debug|Any CPU
		{43A7A423-7CAA-4004-8142-EAABAB277915}.Debug|ARM.ActiveCfg = Debug|Any CPU
		{43A7A423-7CAA-4004-8142-EAABAB277915}.Debug|ARM.Build.0 = Debug|Any CPU
		{43A7A423-7CAA-4004-8142-EAABAB277915}.Debug|x64.ActiveCfg = Debug|Any CPU
		{43A7A423-7CAA-4004-8142-EAABAB277915}.Debug|x64.Build.0 = Debug|Any CPU
		{43A7A423-7CAA-4004-8142-EAABAB277915}.Debug|x86.ActiveCfg = Debug|Any CPU
		{43A7A423-7CAA-4004-8142-EAABAB277915}.Debug|x86.Build.0 = Debug|Any CPU
		{43A7A423-7CAA-4004-8142-EAABAB277915}.Release|Any CPU.ActiveCfg = Release|Any CPU
		{43A7A423-7CAA-4004-8142-EAABAB277915}.Release|Any CPU.Build.0 = Release|Any CPU
		{43A7A423-7CAA-4004-8142-EAABAB277915}.Release|ARM.ActiveCfg = Release|Any CPU
		{43A7A423-7CAA-4004-8142-EAABAB277915}.Release|ARM.Build.0 = Release|Any CPU
		{43A7A423-7CAA-4004-8142-EAABAB277915}.Release|x64.ActiveCfg = Release|Any CPU
		{43A7A423-7CAA-4004-8142-EAABAB277915}.Release|x64.Build.0 = Release|Any CPU
		{43A7A423-7CAA-4004-8142-EAABAB277915}.Release|x86.ActiveCfg = Release|Any CPU
		{43A7A423-7CAA-4004-8142-EAABAB277915}.Release|x86.Build.0 = Release|Any CPU
		{CA7500ED-96DA-490B-BFF4-DAFF1207F752}.Debug|Any CPU.ActiveCfg = Debug|x86
		{CA7500ED-96DA-490B-BFF4-DAFF1207F752}.Debug|ARM.ActiveCfg = Debug|x86
		{CA7500ED-96DA-490B-BFF4-DAFF1207F752}.Debug|x64.ActiveCfg = Debug|x86
		{CA7500ED-96DA-490B-BFF4-DAFF1207F752}.Debug|x86.ActiveCfg = Debug|x86
		{CA7500ED-96DA-490B-BFF4-DAFF1207F752}.Debug|x86.Build.0 = Debug|x86
		{CA7500ED-96DA-490B-BFF4-DAFF1207F752}.Release|Any CPU.ActiveCfg = Release|x86
		{CA7500ED-96DA-490B-BFF4-DAFF1207F752}.Release|ARM.ActiveCfg = Release|x86
		{CA7500ED-96DA-490B-BFF4-DAFF1207F752}.Release|x64.ActiveCfg = Release|x86
		{CA7500ED-96DA-490B-BFF4-DAFF1207F752}.Release|x86.ActiveCfg = Release|x86
		{CA7500ED-96DA-490B-BFF4-DAFF1207F752}.Release|x86.Build.0 = Release|x86
		{0D6370B0-B6A8-4C62-B726-8F8AE51B0880}.Debug|Any CPU.ActiveCfg = Debug|x86
		{0D6370B0-B6A8-4C62-B726-8F8AE51B0880}.Debug|ARM.ActiveCfg = Debug|x86
		{0D6370B0-B6A8-4C62-B726-8F8AE51B0880}.Debug|x64.ActiveCfg = Debug|x86
		{0D6370B0-B6A8-4C62-B726-8F8AE51B0880}.Debug|x86.ActiveCfg = Debug|x86
		{0D6370B0-B6A8-4C62-B726-8F8AE51B0880}.Debug|x86.Build.0 = Debug|x86
		{0D6370B0-B6A8-4C62-B726-8F8AE51B0880}.Release|Any CPU.ActiveCfg = Release|x86
		{0D6370B0-B6A8-4C62-B726-8F8AE51B0880}.Release|ARM.ActiveCfg = Release|x86
		{0D6370B0-B6A8-4C62-B726-8F8AE51B0880}.Release|x64.ActiveCfg = Release|x86
		{0D6370B0-B6A8-4C62-B726-8F8AE51B0880}.Release|x86.ActiveCfg = Release|x86
		{0D6370B0-B6A8-4C62-B726-8F8AE51B0880}.Release|x86.Build.0 = Release|x86
		{861FBEB5-BADD-496E-817E-C465FED00B33}.Debug|Any CPU.ActiveCfg = Debug|Any CPU
		{861FBEB5-BADD-496E-817E-C465FED00B33}.Debug|Any CPU.Build.0 = Debug|Any CPU
		{861FBEB5-BADD-496E-817E-C465FED00B33}.Debug|ARM.ActiveCfg = Debug|Any CPU
		{861FBEB5-BADD-496E-817E-C465FED00B33}.Debug|ARM.Build.0 = Debug|Any CPU
		{861FBEB5-BADD-496E-817E-C465FED00B33}.Debug|x64.ActiveCfg = Debug|Any CPU
		{861FBEB5-BADD-496E-817E-C465FED00B33}.Debug|x64.Build.0 = Debug|Any CPU
		{861FBEB5-BADD-496E-817E-C465FED00B33}.Debug|x86.ActiveCfg = Debug|Any CPU
		{861FBEB5-BADD-496E-817E-C465FED00B33}.Debug|x86.Build.0 = Debug|Any CPU
		{861FBEB5-BADD-496E-817E-C465FED00B33}.Release|Any CPU.ActiveCfg = Release|Any CPU
		{861FBEB5-BADD-496E-817E-C465FED00B33}.Release|Any CPU.Build.0 = Release|Any CPU
		{861FBEB5-BADD-496E-817E-C465FED00B33}.Release|ARM.ActiveCfg = Release|Any CPU
		{861FBEB5-BADD-496E-817E-C465FED00B33}.Release|ARM.Build.0 = Release|Any CPU
		{861FBEB5-BADD-496E-817E-C465FED00B33}.Release|x64.ActiveCfg = Release|Any CPU
		{861FBEB5-BADD-496E-817E-C465FED00B33}.Release|x64.Build.0 = Release|Any CPU
		{861FBEB5-BADD-496E-817E-C465FED00B33}.Release|x86.ActiveCfg = Release|Any CPU
		{861FBEB5-BADD-496E-817E-C465FED00B33}.Release|x86.Build.0 = Release|Any CPU
		{E098067C-9498-401D-8F58-7E6943B087A6}.Debug|Any CPU.ActiveCfg = Debug|x86
		{E098067C-9498-401D-8F58-7E6943B087A6}.Debug|ARM.ActiveCfg = Debug|ARM
		{E098067C-9498-401D-8F58-7E6943B087A6}.Debug|ARM.Build.0 = Debug|ARM
		{E098067C-9498-401D-8F58-7E6943B087A6}.Debug|ARM.Deploy.0 = Debug|ARM
		{E098067C-9498-401D-8F58-7E6943B087A6}.Debug|x64.ActiveCfg = Debug|x64
		{E098067C-9498-401D-8F58-7E6943B087A6}.Debug|x64.Build.0 = Debug|x64
		{E098067C-9498-401D-8F58-7E6943B087A6}.Debug|x64.Deploy.0 = Debug|x64
		{E098067C-9498-401D-8F58-7E6943B087A6}.Debug|x86.ActiveCfg = Debug|x86
		{E098067C-9498-401D-8F58-7E6943B087A6}.Debug|x86.Build.0 = Debug|x86
		{E098067C-9498-401D-8F58-7E6943B087A6}.Debug|x86.Deploy.0 = Debug|x86
		{E098067C-9498-401D-8F58-7E6943B087A6}.Release|Any CPU.ActiveCfg = Release|x86
		{E098067C-9498-401D-8F58-7E6943B087A6}.Release|ARM.ActiveCfg = Release|ARM
		{E098067C-9498-401D-8F58-7E6943B087A6}.Release|ARM.Build.0 = Release|ARM
		{E098067C-9498-401D-8F58-7E6943B087A6}.Release|ARM.Deploy.0 = Release|ARM
		{E098067C-9498-401D-8F58-7E6943B087A6}.Release|x64.ActiveCfg = Release|x64
		{E098067C-9498-401D-8F58-7E6943B087A6}.Release|x64.Build.0 = Release|x64
		{E098067C-9498-401D-8F58-7E6943B087A6}.Release|x64.Deploy.0 = Release|x64
		{E098067C-9498-401D-8F58-7E6943B087A6}.Release|x86.ActiveCfg = Release|x86
		{E098067C-9498-401D-8F58-7E6943B087A6}.Release|x86.Build.0 = Release|x86
		{E098067C-9498-401D-8F58-7E6943B087A6}.Release|x86.Deploy.0 = Release|x86
	EndGlobalSection
	GlobalSection(SolutionProperties) = preSolution
		HideSolutionNode = FALSE
	EndGlobalSection
	GlobalSection(ExtensibilityGlobals) = postSolution
		SolutionGuid = {8E297334-A97B-4335-9E03-F7FAE5CDB02C}
	EndGlobalSection
EndGlobal
